{
  "name": "ExtensionTest",
  "lockfileVersion": 3,
  "requires": true,
  "packages": {
    "": {
      "dependencies": {
        "gridjs": "^6.2.0"
      }
    },
    "node_modules/gridjs": {
      "version": "6.2.0",
      "resolved": "https://registry.npmjs.org/gridjs/-/gridjs-6.2.0.tgz",
      "integrity": "sha512-EAGGfHjyEXWh12Txs6DjTGnWTo226wbowtMrLI+yNZQaJpvs0m7yDcyM7r+D4RA7rZQVj/cfmwEaRz/rlxg8LA==",
      "dependencies": {
        "preact": "^10.11.3"
      }
    },
    "node_modules/preact": {
      "version": "10.22.1",
      "resolved": "https://registry.npmjs.org/preact/-/preact-10.22.1.tgz",
      "integrity": "sha512-jRYbDDgMpIb5LHq3hkI0bbl+l/TQ9UnkdQ0ww+lp+4MMOdqaUYdFc5qeyP+IV8FAd/2Em7drVPeKdQxsiWCf/A==",
      "funding": {
        "type": "opencollective",
        "url": "https://opencollective.com/preact"
      }
    }
  }
}
